{
  "name": "encharting",
  "version": "0.0.7",
  "lockfileVersion": 2,
  "requires": true,
  "packages": {
    "": {
      "name": "encharting",
      "version": "0.0.7",
      "license": "MIT",
      "dependencies": {
        "@types/echarts": "^4.9.17",
        "echarts": "^5.4.2",
        "tslib": "^2.3.0"
      },
      "peerDependencies": {
        "@angular/common": "^16.0.0",
        "@angular/core": "^16.0.0"
      }
    },
    "node_modules/@angular/common": {
      "version": "16.0.0",
      "resolved": "https://registry.npmjs.org/@angular/common/-/common-16.0.0.tgz",
      "integrity": "sha512-at3/xCevf2t9swX2P7K7gaSBuQPy7ZJsf37qQkYIuczzfij69r7s9NjYeA74/q3EWG9Yl2DCrhYoCW7ViXQINQ==",
      "peer": true,
      "dependencies": {
        "tslib": "^2.3.0"
      },
      "engines": {
        "node": "^16.14.0 || >=18.10.0"
      },
      "peerDependencies": {
        "@angular/core": "16.0.0",
        "rxjs": "^6.5.3 || ^7.4.0"
      }
    },
    "node_modules/@angular/core": {
      "version": "16.0.0",
      "resolved": "https://registry.npmjs.org/@angular/core/-/core-16.0.0.tgz",
      "integrity": "sha512-scppDxtXubum6ZiGu3ogmReBtMuA5XXk5FL3YKLb3c9O7q9Z5PC8KNQ6SsaOwEb6oW+0BWXMV698p/zmd0J4tA==",
      "peer": true,
      "dependencies": {
        "tslib": "^2.3.0"
      },
      "engines": {
        "node": "^16.14.0 || >=18.10.0"
      },
      "peerDependencies": {
        "rxjs": "^6.5.3 || ^7.4.0",
        "zone.js": "~0.13.0"
      }
    },
    "node_modules/@types/echarts": {
      "version": "4.9.17",
      "resolved": "https://registry.npmjs.org/@types/echarts/-/echarts-4.9.17.tgz",
      "integrity": "sha512-/G6BfkA9lwjpJIS/Av6oljzj1ub58WQJW9t7300xyRUFgoBych7uve+NbV8L1oaDS5mg4b78JYP88q+ebVJ0Wg==",
      "dependencies": {
        "@types/zrender": "*"
      }
    },
    "node_modules/@types/zrender": {
      "version": "4.0.3",
      "resolved": "https://registry.npmjs.org/@types/zrender/-/zrender-4.0.3.tgz",
      "integrity": "sha512-EPI269lkHNsObwILJ1k1z7znLjKyePuWRy/XKK0shSGpBb9cIX307arcwJV4+2NeZj5wEjN06r4D8yFv7sI06g=="
    },
    "node_modules/echarts": {
      "version": "5.4.2",
      "resolved": "https://registry.npmjs.org/echarts/-/echarts-5.4.2.tgz",
      "integrity": "sha512-2W3vw3oI2tWJdyAz+b8DuWS0nfXtSDqlDmqgin/lfzbkB01cuMEN66KWBlmur3YMp5nEDEEt5s23pllnAzB4EA==",
      "dependencies": {
        "tslib": "2.3.0",
        "zrender": "5.4.3"
      }
    },
    "node_modules/echarts/node_modules/tslib": {
      "version": "2.3.0",
      "resolved": "https://registry.npmjs.org/tslib/-/tslib-2.3.0.tgz",
      "integrity": "sha512-N82ooyxVNm6h1riLCoyS9e3fuJ3AMG2zIZs2Gd1ATcSFjSA23Q0fzjjZeh0jbJvWVDZ0cJT8yaNNaaXHzueNjg=="
    },
    "node_modules/rxjs": {
      "version": "7.8.1",
      "resolved": "https://registry.npmjs.org/rxjs/-/rxjs-7.8.1.tgz",
      "integrity": "sha512-AA3TVj+0A2iuIoQkWEK/tqFjBq2j+6PO6Y0zJcvzLAFhEFIO3HL0vls9hWLncZbAAbK0mar7oZ4V079I/qPMxg==",
      "peer": true,
      "dependencies": {
        "tslib": "^2.1.0"
      }
    },
    "node_modules/tslib": {
      "version": "2.4.1",
      "resolved": "https://registry.npmjs.org/tslib/-/tslib-2.4.1.tgz",
      "integrity": "sha512-tGyy4dAjRIEwI7BzsB0lynWgOpfqjUdq91XXAlIWD2OwKBH7oCl/GZG/HT4BOHrTlPMOASlMQ7veyTqpmRcrNA=="
    },
    "node_modules/zone.js": {
      "version": "0.13.0",
      "resolved": "https://registry.npmjs.org/zone.js/-/zone.js-0.13.0.tgz",
      "integrity": "sha512-7m3hNNyswsdoDobCkYNAy5WiUulkMd3+fWaGT9ij6iq3Zr/IwJo4RMCYPSDjT+r7tnPErmY9sZpKhWQ8S5k6XQ==",
      "peer": true,
      "dependencies": {
        "tslib": "^2.3.0"
      }
    },
    "node_modules/zrender": {
      "version": "5.4.3",
      "resolved": "https://registry.npmjs.org/zrender/-/zrender-5.4.3.tgz",
      "integrity": "sha512-DRUM4ZLnoaT0PBVvGBDO9oWIDBKFdAVieNWxWwK0niYzJCMwGchRk21/hsE+RKkIveH3XHCyvXcJDkgLVvfizQ==",
      "dependencies": {
        "tslib": "2.3.0"
      }
    },
    "node_modules/zrender/node_modules/tslib": {
      "version": "2.3.0",
      "resolved": "https://registry.npmjs.org/tslib/-/tslib-2.3.0.tgz",
      "integrity": "sha512-N82ooyxVNm6h1riLCoyS9e3fuJ3AMG2zIZs2Gd1ATcSFjSA23Q0fzjjZeh0jbJvWVDZ0cJT8yaNNaaXHzueNjg=="
    }
  },
  "dependencies": {
    "@angular/common": {
      "version": "16.0.0",
      "resolved": "https://registry.npmjs.org/@angular/common/-/common-16.0.0.tgz",
      "integrity": "sha512-at3/xCevf2t9swX2P7K7gaSBuQPy7ZJsf37qQkYIuczzfij69r7s9NjYeA74/q3EWG9Yl2DCrhYoCW7ViXQINQ==",
      "peer": true,
      "requires": {
        "tslib": "^2.3.0"
      }
    },
    "@angular/core": {
      "version": "16.0.0",
      "resolved": "https://registry.npmjs.org/@angular/core/-/core-16.0.0.tgz",
      "integrity": "sha512-scppDxtXubum6ZiGu3ogmReBtMuA5XXk5FL3YKLb3c9O7q9Z5PC8KNQ6SsaOwEb6oW+0BWXMV698p/zmd0J4tA==",
      "peer": true,
      "requires": {
        "tslib": "^2.3.0"
      }
    },
    "@types/echarts": {
      "version": "4.9.17",
      "resolved": "https://registry.npmjs.org/@types/echarts/-/echarts-4.9.17.tgz",
      "integrity": "sha512-/G6BfkA9lwjpJIS/Av6oljzj1ub58WQJW9t7300xyRUFgoBych7uve+NbV8L1oaDS5mg4b78JYP88q+ebVJ0Wg==",
      "requires": {
        "@types/zrender": "*"
      }
    },
    "@types/zrender": {
      "version": "4.0.3",
      "resolved": "https://registry.npmjs.org/@types/zrender/-/zrender-4.0.3.tgz",
      "integrity": "sha512-EPI269lkHNsObwILJ1k1z7znLjKyePuWRy/XKK0shSGpBb9cIX307arcwJV4+2NeZj5wEjN06r4D8yFv7sI06g=="
    },
    "echarts": {
      "version": "5.4.2",
      "resolved": "https://registry.npmjs.org/echarts/-/echarts-5.4.2.tgz",
      "integrity": "sha512-2W3vw3oI2tWJdyAz+b8DuWS0nfXtSDqlDmqgin/lfzbkB01cuMEN66KWBlmur3YMp5nEDEEt5s23pllnAzB4EA==",
      "requires": {
        "tslib": "2.3.0",
        "zrender": "5.4.3"
      },
      "dependencies": {
        "tslib": {
          "version": "2.3.0",
          "resolved": "https://registry.npmjs.org/tslib/-/tslib-2.3.0.tgz",
          "integrity": "sha512-N82ooyxVNm6h1riLCoyS9e3fuJ3AMG2zIZs2Gd1ATcSFjSA23Q0fzjjZeh0jbJvWVDZ0cJT8yaNNaaXHzueNjg=="
        }
      }
    },
    "rxjs": {
      "version": "7.8.1",
      "resolved": "https://registry.npmjs.org/rxjs/-/rxjs-7.8.1.tgz",
      "integrity": "sha512-AA3TVj+0A2iuIoQkWEK/tqFjBq2j+6PO6Y0zJcvzLAFhEFIO3HL0vls9hWLncZbAAbK0mar7oZ4V079I/qPMxg==",
      "peer": true,
      "requires": {
        "tslib": "^2.1.0"
      }
    },
    "tslib": {
      "version": "2.4.1",
      "resolved": "https://registry.npmjs.org/tslib/-/tslib-2.4.1.tgz",
      "integrity": "sha512-tGyy4dAjRIEwI7BzsB0lynWgOpfqjUdq91XXAlIWD2OwKBH7oCl/GZG/HT4BOHrTlPMOASlMQ7veyTqpmRcrNA=="
    },
    "zone.js": {
      "version": "0.13.0",
      "resolved": "https://registry.npmjs.org/zone.js/-/zone.js-0.13.0.tgz",
      "integrity": "sha512-7m3hNNyswsdoDobCkYNAy5WiUulkMd3+fWaGT9ij6iq3Zr/IwJo4RMCYPSDjT+r7tnPErmY9sZpKhWQ8S5k6XQ==",
      "peer": true,
      "requires": {
        "tslib": "^2.3.0"
      }
    },
    "zrender": {
      "version": "5.4.3",
      "resolved": "https://registry.npmjs.org/zrender/-/zrender-5.4.3.tgz",
      "integrity": "sha512-DRUM4ZLnoaT0PBVvGBDO9oWIDBKFdAVieNWxWwK0niYzJCMwGchRk21/hsE+RKkIveH3XHCyvXcJDkgLVvfizQ==",
      "requires": {
        "tslib": "2.3.0"
      },
      "dependencies": {
        "tslib": {
          "version": "2.3.0",
          "resolved": "https://registry.npmjs.org/tslib/-/tslib-2.3.0.tgz",
          "integrity": "sha512-N82ooyxVNm6h1riLCoyS9e3fuJ3AMG2zIZs2Gd1ATcSFjSA23Q0fzjjZeh0jbJvWVDZ0cJT8yaNNaaXHzueNjg=="
        }
      }
    }
  }
}
